
Microsoft Visual Studio Solution File, Format Version 12.00
# Visual Studio 15
VisualStudioVersion = 15.0.28307.572
MinimumVisualStudioVersion = 10.0.40219.1
Project("{FAE04EC0-301F-11D3-BF4B-00C04F79EFBC}") = "Cs2Lua", "Cs2Lua.csproj", "{A45F7BB4-96F8-4A99-B37F-4EF15B082E14}"
EndProject
Project("{FAE04EC0-301F-11D3-BF4B-00C04F79EFBC}") = "Cs2DslUtility", "Cs2DslUtility\Cs2DslUtility.csproj", "{8512D1C7-F979-4A86-853C-764A5568E16A}"
EndProject
Global
	GlobalSection(Performance) = preSolution
		HasPerformanceSessions = true
	EndGlobalSection
	GlobalSection(SolutionConfigurationPlatforms) = preSolution
		Debug|Any CPU = Debug|Any CPU
		Release|Any CPU = Release|Any CPU
	EndGlobalSection
	GlobalSection(ProjectConfigurationPlatforms) = postSolution
		{A45F7BB4-96F8-4A99-B37F-4EF15B082E14}.Debug|Any CPU.ActiveCfg = Debug|Any CPU
		{A45F7BB4-96F8-4A99-B37F-4EF15B082E14}.Debug|Any CPU.Build.0 = Debug|Any CPU
		{A45F7BB4-96F8-4A99-B37F-4EF15B082E14}.Release|Any CPU.ActiveCfg = Release|Any CPU
		{A45F7BB4-96F8-4A99-B37F-4EF15B082E14}.Release|Any CPU.Build.0 = Release|Any CPU
		{8512D1C7-F979-4A86-853C-764A5568E16A}.Debug|Any CPU.ActiveCfg = Debug|Any CPU
		{8512D1C7-F979-4A86-853C-764A5568E16A}.Debug|Any CPU.Build.0 = Debug|Any CPU
		{8512D1C7-F979-4A86-853C-764A5568E16A}.Release|Any CPU.ActiveCfg = Release|Any CPU
		{8512D1C7-F979-4A86-853C-764A5568E16A}.Release|Any CPU.Build.0 = Release|Any CPU
	EndGlobalSection
	GlobalSection(SolutionProperties) = preSolution
		HideSolutionNode = FALSE
	EndGlobalSection
	GlobalSection(ExtensibilityGlobals) = postSolution
		SolutionGuid = {511A0D7C-3903-4291-996F-637B4DC26C3B}
	EndGlobalSection
	GlobalSection(Performance) = preSolution
		HasPerformanceSessions = true
	EndGlobalSection
EndGlobal
